
Microsoft Visual Studio Solution File, Format Version 12.00
# Visual Studio Version 17
VisualStudioVersion = 17.9.34723.18
MinimumVisualStudioVersion = 10.0.40219.1
Project("{FAE04EC0-301F-11D3-BF4B-00C04F79EFBC}") = "WindowsFormsApp1", "WindowsFormsApp1\WindowsFormsApp1.csproj", "{9AAFDEAA-EAD7-4EF3-B5BE-5BDE0C211271}"
EndProject
Global
	GlobalSection(SolutionConfigurationPlatforms) = preSolution
		Debug|Any CPU = Debug|Any CPU
		Release|Any CPU = Release|Any CPU
	EndGlobalSection
	GlobalSection(ProjectConfigurationPlatforms) = postSolution
		{9AAFDEAA-EAD7-4EF3-B5BE-5BDE0C211271}.Debug|Any CPU.ActiveCfg = Debug|Any CPU
		{9AAFDEAA-EAD7-4EF3-B5BE-5BDE0C211271}.Debug|Any CPU.Build.0 = Debug|Any CPU
		{9AAFDEAA-EAD7-4EF3-B5BE-5BDE0C211271}.Release|Any CPU.ActiveCfg = Release|Any CPU
		{9AAFDEAA-EAD7-4EF3-B5BE-5BDE0C211271}.Release|Any CPU.Build.0 = Release|Any CPU
	EndGlobalSection
	GlobalSection(SolutionProperties) = preSolution
		HideSolutionNode = FALSE
	EndGlobalSection
	GlobalSection(ExtensibilityGlobals) = postSolution
		SolutionGuid = {65D9E058-BD0B-41AE-88F1-A4E3F6093515}
	EndGlobalSection
EndGlobal
